
Microsoft Visual Studio Solution File, Format Version 12.00
# Visual Studio Version 17
VisualStudioVersion = 17.8.34511.84
MinimumVisualStudioVersion = 10.0.40219.1
Project("{FAE04EC0-301F-11D3-BF4B-00C04F79EFBC}") = "DZLesson7", "DZLesson7\DZLesson7.csproj", "{57C32E20-5233-49D3-8CD8-6C70C22E1056}"
EndProject
Global
	GlobalSection(SolutionConfigurationPlatforms) = preSolution
		Debug|Any CPU = Debug|Any CPU
		Release|Any CPU = Release|Any CPU
	EndGlobalSection
	GlobalSection(ProjectConfigurationPlatforms) = postSolution
		{57C32E20-5233-49D3-8CD8-6C70C22E1056}.Debug|Any CPU.ActiveCfg = Debug|Any CPU
		{57C32E20-5233-49D3-8CD8-6C70C22E1056}.Debug|Any CPU.Build.0 = Debug|Any CPU
		{57C32E20-5233-49D3-8CD8-6C70C22E1056}.Release|Any CPU.ActiveCfg = Release|Any CPU
		{57C32E20-5233-49D3-8CD8-6C70C22E1056}.Release|Any CPU.Build.0 = Release|Any CPU
	EndGlobalSection
	GlobalSection(SolutionProperties) = preSolution
		HideSolutionNode = FALSE
	EndGlobalSection
	GlobalSection(ExtensibilityGlobals) = postSolution
		SolutionGuid = {85BDF3D5-1A89-42EA-AA9A-09899CDFB3D1}
	EndGlobalSection
EndGlobal
